
Microsoft Visual Studio Solution File, Format Version 12.00
# Visual Studio Version 17
VisualStudioVersion = 17.10.34916.146
MinimumVisualStudioVersion = 10.0.40219.1
Project("{FAE04EC0-301F-11D3-BF4B-00C04F79EFBC}") = "Contador de Horas", "Contador de Horas.csproj", "{10793DC5-D163-4C1E-90D5-206A1F4E5052}"
EndProject
Global
	GlobalSection(SolutionConfigurationPlatforms) = preSolution
		Debug|Any CPU = Debug|Any CPU
		Release|Any CPU = Release|Any CPU
	EndGlobalSection
	GlobalSection(ProjectConfigurationPlatforms) = postSolution
		{10793DC5-D163-4C1E-90D5-206A1F4E5052}.Debug|Any CPU.ActiveCfg = Debug|Any CPU
		{10793DC5-D163-4C1E-90D5-206A1F4E5052}.Debug|Any CPU.Build.0 = Debug|Any CPU
		{10793DC5-D163-4C1E-90D5-206A1F4E5052}.Debug|Any CPU.Deploy.0 = Debug|Any CPU
		{10793DC5-D163-4C1E-90D5-206A1F4E5052}.Release|Any CPU.ActiveCfg = Release|Any CPU
		{10793DC5-D163-4C1E-90D5-206A1F4E5052}.Release|Any CPU.Build.0 = Release|Any CPU
		{10793DC5-D163-4C1E-90D5-206A1F4E5052}.Release|Any CPU.Deploy.0 = Release|Any CPU
	EndGlobalSection
	GlobalSection(SolutionProperties) = preSolution
		HideSolutionNode = FALSE
	EndGlobalSection
	GlobalSection(ExtensibilityGlobals) = postSolution
		SolutionGuid = {88BBD7D8-F47C-4F49-8672-2C8118D04EA9}
	EndGlobalSection
EndGlobal
